
Microsoft Visual Studio Solution File, Format Version 12.00
# Visual Studio Version 17
VisualStudioVersion = 17.11.35222.181
MinimumVisualStudioVersion = 10.0.40219.1
Project("{FAE04EC0-301F-11D3-BF4B-00C04F79EFBC}") = "SkiNet", "SkiNet\SkiNet.csproj", "{63A30333-22C8-4B02-99A5-49A16EB404DD}"
EndProject
Global
	GlobalSection(SolutionConfigurationPlatforms) = preSolution
		Debug|Any CPU = Debug|Any CPU
		Release|Any CPU = Release|Any CPU
	EndGlobalSection
	GlobalSection(ProjectConfigurationPlatforms) = postSolution
		{63A30333-22C8-4B02-99A5-49A16EB404DD}.Debug|Any CPU.ActiveCfg = Debug|Any CPU
		{63A30333-22C8-4B02-99A5-49A16EB404DD}.Debug|Any CPU.Build.0 = Debug|Any CPU
		{63A30333-22C8-4B02-99A5-49A16EB404DD}.Release|Any CPU.ActiveCfg = Release|Any CPU
		{63A30333-22C8-4B02-99A5-49A16EB404DD}.Release|Any CPU.Build.0 = Release|Any CPU
	EndGlobalSection
	GlobalSection(SolutionProperties) = preSolution
		HideSolutionNode = FALSE
	EndGlobalSection
	GlobalSection(ExtensibilityGlobals) = postSolution
		SolutionGuid = {74080635-9813-46F8-97A5-C67524BE1045}
	EndGlobalSection
EndGlobal
